PODS:
  - Realm (10.2.0):
    - Realm/Headers (= 10.2.0)
  - Realm/Headers (10.2.0)
  - RealmSwift (10.2.0):
    - Realm (= 10.2.0)
  - SwipeCellKit (2.7.1)

DEPENDENCIES:
  - RealmSwift
  - SwipeCellKit

SPEC REPOS:
  trunk:
    - Realm
    - RealmSwift
    - SwipeCellKit

SPEC CHECKSUMS:
  Realm: d7914ebf66bb182469726f997c4c38eff286aab0
  RealmSwift: aad08b7dc8c732b7b5794286e9df83739bf834f1
  SwipeCellKit: 3972254a826da74609926daf59b08d6c72e619ea

PODFILE CHECKSUM: 2fa380a1be7112021dafc45ef496a7a57a4c3604

COCOAPODS: 1.10.0
